
Microsoft Visual Studio Solution File, Format Version 12.00
# Visual Studio Version 17
VisualStudioVersion = 17.1.32414.318
MinimumVisualStudioVersion = 10.0.40219.1
Project("{FAE04EC0-301F-11D3-BF4B-00C04F79EFBC}") = "Aplication_Programming_Interface_01", "Aplication_Programming_Interface_01.csproj", "{D23C9BCA-77A4-4BDA-AC98-7DA4A30C49DD}"
EndProject
Global
	GlobalSection(SolutionConfigurationPlatforms) = preSolution
		Debug|Any CPU = Debug|Any CPU
		Release|Any CPU = Release|Any CPU
	EndGlobalSection
	GlobalSection(ProjectConfigurationPlatforms) = postSolution
		{D23C9BCA-77A4-4BDA-AC98-7DA4A30C49DD}.Debug|Any CPU.ActiveCfg = Debug|Any CPU
		{D23C9BCA-77A4-4BDA-AC98-7DA4A30C49DD}.Debug|Any CPU.Build.0 = Debug|Any CPU
		{D23C9BCA-77A4-4BDA-AC98-7DA4A30C49DD}.Release|Any CPU.ActiveCfg = Release|Any CPU
		{D23C9BCA-77A4-4BDA-AC98-7DA4A30C49DD}.Release|Any CPU.Build.0 = Release|Any CPU
	EndGlobalSection
	GlobalSection(SolutionProperties) = preSolution
		HideSolutionNode = FALSE
	EndGlobalSection
	GlobalSection(ExtensibilityGlobals) = postSolution
		SolutionGuid = {51BB388A-E664-4569-B6F7-7AABC2FCD176}
	EndGlobalSection
EndGlobal
